
Microsoft Visual Studio Solution File, Format Version 12.00
# Visual Studio Version 16
VisualStudioVersion = 16.0.31624.102
MinimumVisualStudioVersion = 10.0.40219.1
Project("{FAE04EC0-301F-11D3-BF4B-00C04F79EFBC}") = "DemoVersioning", "DemoVersioning\DemoVersioning.csproj", "{966DA871-E3EA-4C85-989D-66F413D16786}"
EndProject
Global
	GlobalSection(SolutionConfigurationPlatforms) = preSolution
		Debug|Any CPU = Debug|Any CPU
		Release|Any CPU = Release|Any CPU
	EndGlobalSection
	GlobalSection(ProjectConfigurationPlatforms) = postSolution
		{966DA871-E3EA-4C85-989D-66F413D16786}.Debug|Any CPU.ActiveCfg = Debug|Any CPU
		{966DA871-E3EA-4C85-989D-66F413D16786}.Debug|Any CPU.Build.0 = Debug|Any CPU
		{966DA871-E3EA-4C85-989D-66F413D16786}.Release|Any CPU.ActiveCfg = Release|Any CPU
		{966DA871-E3EA-4C85-989D-66F413D16786}.Release|Any CPU.Build.0 = Release|Any CPU
	EndGlobalSection
	GlobalSection(SolutionProperties) = preSolution
		HideSolutionNode = FALSE
	EndGlobalSection
	GlobalSection(ExtensibilityGlobals) = postSolution
		SolutionGuid = {CF23F99F-8F10-40C1-95E8-5FB5DC8FF074}
	EndGlobalSection
EndGlobal
